# THIS IS AN AUTOGENERATED FILE. DO NOT EDIT THIS FILE DIRECTLY.
# yarn lockfile v1


"@types/animejs@^3.1.0":
  version "3.1.0"
  resolved "https://registry.npm.taobao.org/@types/animejs/download/@types/animejs-3.1.0.tgz#9fa31e5fcf3a0304aa097a2a357e03630d820ab1"
  integrity sha1-n6MeX886AwSqCXoqNX4DYw2CCrE=

animejs@^3.2.0:
  version "3.2.0"
  resolved "https://registry.npm.taobao.org/animejs/download/animejs-3.2.0.tgz#2daea7365983249022cc454fa726acdb4a84345d"
  integrity sha1-La6nNlmDJJAizEVPpyas20qENF0=
